// !$*UTF8*$!
{
	archiveVersion = 1;
	classes = {
	};
	objectVersion = 55;
	objects = {

/* Begin PBXBuildFile section */
		AD3425BC2727FBCD00DCD524 /* AppDelegate.swift in Sources */ = {isa = PBXBuildFile; fileRef = AD3425BB2727FBCD00DCD524 /* AppDelegate.swift */; };
		AD3425BE2727FBCD00DCD524 /* SceneDelegate.swift in Sources */ = {isa = PBXBuildFile; fileRef = AD3425BD2727FBCD00DCD524 /* SceneDelegate.swift */; };
		AD3425C02727FBCD00DCD524 /* ViewController.swift in Sources */ = {isa = PBXBuildFile; fileRef = AD3425BF2727FBCD00DCD524 /* ViewController.swift */; };
		AD3425C32727FBCD00DCD524 /* Main.storyboard in Resources */ = {isa = PBXBuildFile; fileRef = AD3425C12727FBCD00DCD524 /* Main.storyboard */; };
		AD3425C52727FBCF00DCD524 /* Assets.xcassets in Resources */ = {isa = PBXBuildFile; fileRef = AD3425C42727FBCF00DCD524 /* Assets.xcassets */; };
		AD3425C82727FBCF00DCD524 /* LaunchScreen.storyboard in Resources */ = {isa = PBXBuildFile; fileRef = AD3425C62727FBCF00DCD524 /* LaunchScreen.storyboard */; };
		AD3425D22728062400DCD524 /* WelcomeScreenViewController.swift in Sources */ = {isa = PBXBuildFile; fileRef = AD3425D12728062400DCD524 /* WelcomeScreenViewController.swift */; };
		AD5E5F63272C85750065917A /* UserInfo.swift in Sources */ = {isa = PBXBuildFile; fileRef = AD5E5F62272C85750065917A /* UserInfo.swift */; };
		AD5E5F6B272C96420065917A /* AboutMeViewController.swift in Sources */ = {isa = PBXBuildFile; fileRef = AD5E5F6A272C96420065917A /* AboutMeViewController.swift */; };
/* End PBXBuildFile section */

/* Begin PBXFileReference section */
		AD3425B82727FBCD00DCD524 /* aboutMeApp.app */ = {isa = PBXFileReference; explicitFileType = wrapper.application; includeInIndex = 0; path = aboutMeApp.app; sourceTree = BUILT_PRODUCTS_DIR; };
		AD3425BB2727FBCD00DCD524 /* AppDelegate.swift */ = {isa = PBXFileReference; lastKnownFileType = sourcecode.swift; path = AppDelegate.swift; sourceTree = "<group>"; };
		AD3425BD2727FBCD00DCD524 /* SceneDelegate.swift */ = {isa = PBXFileReference; lastKnownFileType = sourcecode.swift; path = SceneDelegate.swift; sourceTree = "<group>"; };
		AD3425BF2727FBCD00DCD524 /* ViewController.swift */ = {isa = PBXFileReference; lastKnownFileType = sourcecode.swift; path = ViewController.swift; sourceTree = "<group>"; };
		AD3425C22727FBCD00DCD524 /* Base */ = {isa = PBXFileReference; lastKnownFileType = file.storyboard; name = Base; path = Base.lproj/Main.storyboard; sourceTree = "<group>"; };
		AD3425C42727FBCF00DCD524 /* Assets.xcassets */ = {isa = PBXFileReference; lastKnownFileType = folder.assetcatalog; path = Assets.xcassets; sourceTree = "<group>"; };
		AD3425C72727FBCF00DCD524 /* Base */ = {isa = PBXFileReference; lastKnownFileType = file.storyboard; name = Base; path = Base.lproj/LaunchScreen.storyboard; sourceTree = "<group>"; };
		AD3425C92727FBCF00DCD524 /* Info.plist */ = {isa = PBXFileReference; lastKnownFileType = text.plist.xml; path = Info.plist; sourceTree = "<group>"; };
		AD3425D12728062400DCD524 /* WelcomeScreenViewController.swift */ = {isa = PBXFileReference; lastKnownFileType = sourcecode.swift; path = WelcomeScreenViewController.swift; sourceTree = "<group>"; };
		AD5E5F62272C85750065917A /* UserInfo.swift */ = {isa = PBXFileReference; lastKnownFileType = sourcecode.swift; path = UserInfo.swift; sourceTree = "<group>"; };
		AD5E5F6A272C96420065917A /* AboutMeViewController.swift */ = {isa = PBXFileReference; lastKnownFileType = sourcecode.swift; path = AboutMeViewController.swift; sourceTree = "<group>"; };
/* End PBXFileReference section */

/* Begin PBXFrameworksBuildPhase section */
		AD3425B52727FBCD00DCD524 /* Frameworks */ = {
			isa = PBXFrameworksBuildPhase;
			buildActionMask = 2147483647;
			files = (
			);
			runOnlyForDeploymentPostprocessing = 0;
		};
/* End PBXFrameworksBuildPhase section */

/* Begin PBXGroup section */
		AD3425AF2727FBCD00DCD524 = {
			isa = PBXGroup;
			children = (
				AD3425BA2727FBCD00DCD524 /* aboutMeApp */,
				AD3425B92727FBCD00DCD524 /* Products */,
			);
			sourceTree = "<group>";
		};
		AD3425B92727FBCD00DCD524 /* Products */ = {
			isa = PBXGroup;
			children = (
				AD3425B82727FBCD00DCD524 /* aboutMeApp.app */,
			);
			name = Products;
			sourceTree = "<group>";
		};
		AD3425BA2727FBCD00DCD524 /* aboutMeApp */ = {
			isa = PBXGroup;
			children = (
				AD5E5F61272C855E0065917A /* Models */,
				AD5E5F67272C89090065917A /* Configs */,
				AD5E5F64272C88CC0065917A /* ViewControllers */,
				AD5E5F65272C88DD0065917A /* StoryBoards */,
				AD5E5F66272C88F30065917A /* Resources */,
				AD3425C62727FBCF00DCD524 /* LaunchScreen.storyboard */,
			);
			path = aboutMeApp;
			sourceTree = "<group>";
		};
		AD5E5F61272C855E0065917A /* Models */ = {
			isa = PBXGroup;
			children = (
				AD5E5F62272C85750065917A /* UserInfo.swift */,
			);
			path = Models;
			sourceTree = "<group>";
		};
		AD5E5F64272C88CC0065917A /* ViewControllers */ = {
			isa = PBXGroup;
			children = (
				AD3425D12728062400DCD524 /* WelcomeScreenViewController.swift */,
				AD3425BF2727FBCD00DCD524 /* ViewController.swift */,
				AD5E5F6A272C96420065917A /* AboutMeViewController.swift */,
			);
			path = ViewControllers;
			sourceTree = "<group>";
		};
		AD5E5F65272C88DD0065917A /* StoryBoards */ = {
			isa = PBXGroup;
			children = (
				AD3425C12727FBCD00DCD524 /* Main.storyboard */,
			);
			path = StoryBoards;
			sourceTree = "<group>";
		};
		AD5E5F66272C88F30065917A /* Resources */ = {
			isa = PBXGroup;
			children = (
				AD3425C42727FBCF00DCD524 /* Assets.xcassets */,
			);
			path = Resources;
			sourceTree = "<group>";
		};
		AD5E5F67272C89090065917A /* Configs */ = {
			isa = PBXGroup;
			children = (
				AD3425BB2727FBCD00DCD524 /* AppDelegate.swift */,
				AD3425BD2727FBCD00DCD524 /* SceneDelegate.swift */,
				AD3425C92727FBCF00DCD524 /* Info.plist */,
			);
			path = Configs;
			sourceTree = "<group>";
		};
/* End PBXGroup section */

/* Begin PBXNativeTarget section */
		AD3425B72727FBCD00DCD524 /* aboutMeApp */ = {
			isa = PBXNativeTarget;
			buildConfigurationList = AD3425CC2727FBCF00DCD524 /* Build configuration list for PBXNativeTarget "aboutMeApp" */;
			buildPhases = (
				AD3425B42727FBCD00DCD524 /* Sources */,
				AD3425B52727FBCD00DCD524 /* Frameworks */,
				AD3425B62727FBCD00DCD524 /* Resources */,
			);
			buildRules = (
			);
			dependencies = (
			);
			name = aboutMeApp;
			productName = loginApp;
			productReference = AD3425B82727FBCD00DCD524 /* aboutMeApp.app */;
			productType = "com.apple.product-type.application";
		};
/* End PBXNativeTarget section */

/* Begin PBXProject section */
		AD3425B02727FBCD00DCD524 /* Project object */ = {
			isa = PBXProject;
			attributes = {
				BuildIndependentTargetsInParallel = 1;
				LastSwiftUpdateCheck = 1300;
				LastUpgradeCheck = 1300;
				TargetAttributes = {
					AD3425B72727FBCD00DCD524 = {
						CreatedOnToolsVersion = 13.0;
					};
				};
			};
			buildConfigurationList = AD3425B32727FBCD00DCD524 /* Build configuration list for PBXProject "aboutMeApp" */;
			compatibilityVersion = "Xcode 13.0";
			developmentRegion = en;
			hasScannedForEncodings = 0;
			knownRegions = (
				en,
				Base,
			);
			mainGroup = AD3425AF2727FBCD00DCD524;
			productRefGroup = AD3425B92727FBCD00DCD524 /* Products */;
			projectDirPath = "";
			projectRoot = "";
			targets = (
				AD3425B72727FBCD00DCD524 /* aboutMeApp */,
			);
		};
/* End PBXProject section */

/* Begin PBXResourcesBuildPhase section */
		AD3425B62727FBCD00DCD524 /* Resources */ = {
			isa = PBXResourcesBuildPhase;
			buildActionMask = 2147483647;
			files = (
				AD3425C82727FBCF00DCD524 /* LaunchScreen.storyboard in Resources */,
				AD3425C52727FBCF00DCD524 /* Assets.xcassets in Resources */,
				AD3425C32727FBCD00DCD524 /* Main.storyboard in Resources */,
			);
			runOnlyForDeploymentPostprocessing = 0;
		};
/* End PBXResourcesBuildPhase section */

/* Begin PBXSourcesBuildPhase section */
		AD3425B42727FBCD00DCD524 /* Sources */ = {
			isa = PBXSourcesBuildPhase;
			buildActionMask = 2147483647;
			files = (
				AD3425C02727FBCD00DCD524 /* ViewController.swift in Sources */,
				AD3425D22728062400DCD524 /* WelcomeScreenViewController.swift in Sources */,
				AD3425BC2727FBCD00DCD524 /* AppDelegate.swift in Sources */,
				AD5E5F63272C85750065917A /* UserInfo.swift in Sources */,
				AD5E5F6B272C96420065917A /* AboutMeViewController.swift in Sources */,
				AD3425BE2727FBCD00DCD524 /* SceneDelegate.swift in Sources */,
			);
			runOnlyForDeploymentPostprocessing = 0;
		};
/* End PBXSourcesBuildPhase section */

/* Begin PBXVariantGroup section */
		AD3425C12727FBCD00DCD524 /* Main.storyboard */ = {
			isa = PBXVariantGroup;
			children = (
				AD3425C22727FBCD00DCD524 /* Base */,
			);
			name = Main.storyboard;
			sourceTree = "<group>";
		};
		AD3425C62727FBCF00DCD524 /* LaunchScreen.storyboard */ = {
			isa = PBXVariantGroup;
			children = (
				AD3425C72727FBCF00DCD524 /* Base */,
			);
			name = LaunchScreen.storyboard;
			sourceTree = "<group>";
		};
/* End PBXVariantGroup section */

/* Begin XCBuildConfiguration section */
		AD3425CA2727FBCF00DCD524 /* Debug */ = {
			isa = XCBuildConfiguration;
			buildSettings = {
				ALWAYS_SEARCH_USER_PATHS = NO;
				CLANG_ANALYZER_NONNULL = YES;
				CLANG_ANALYZER_NUMBER_OBJECT_CONVERSION = YES_AGGRESSIVE;
				CLANG_CXX_LANGUAGE_STANDARD = "gnu++17";
				CLANG_CXX_LIBRARY = "libc++";
				CLANG_ENABLE_MODULES = YES;
				CLANG_ENABLE_OBJC_ARC = YES;
				CLANG_ENABLE_OBJC_WEAK = YES;
				CLANG_WARN_BLOCK_CAPTURE_AUTORELEASING = YES;
				CLANG_WARN_BOOL_CONVERSION = YES;
				CLANG_WARN_COMMA = YES;
				CLANG_WARN_CONSTANT_CONVERSION = YES;
				CLANG_WARN_DEPRECATED_OBJC_IMPLEMENTATIONS = YES;
				CLANG_WARN_DIRECT_OBJC_ISA_USAGE = YES_ERROR;
				CLANG_WARN_DOCUMENTATION_COMMENTS = YES;
				CLANG_WARN_EMPTY_BODY = YES;
				CLANG_WARN_ENUM_CONVERSION = YES;
				CLANG_WARN_INFINITE_RECURSION = YES;
				CLANG_WARN_INT_CONVERSION = YES;
				CLANG_WARN_NON_LITERAL_NULL_CONVERSION = YES;
				CLANG_WARN_OBJC_IMPLICIT_RETAIN_SELF = YES;
				CLANG_WARN_OBJC_LITERAL_CONVERSION = YES;
				CLANG_WARN_OBJC_ROOT_CLASS = YES_ERROR;
				CLANG_WARN_QUOTED_INCLUDE_IN_FRAMEWORK_HEADER = YES;
				CLANG_WARN_RANGE_LOOP_ANALYSIS = YES;
				CLANG_WARN_STRICT_PROTOTYPES = YES;
				CLANG_WARN_SUSPICIOUS_MOVE = YES;
				CLANG_WARN_UNGUARDED_AVAILABILITY = YES_AGGRESSIVE;
				CLANG_WARN_UNREACHABLE_CODE = YES;
				CLANG_WARN__DUPLICATE_METHOD_MATCH = YES;
				COPY_PHASE_STRIP = NO;
				DEBUG_INFORMATION_FORMAT = dwarf;
				ENABLE_STRICT_OBJC_MSGSEND = YES;
				ENABLE_TESTABILITY = YES;
				GCC_C_LANGUAGE_STANDARD = gnu11;
				GCC_DYNAMIC_NO_PIC = NO;
				GCC_NO_COMMON_BLOCKS = YES;
				GCC_OPTIMIZATION_LEVEL = 0;
				GCC_PREPROCESSOR_DEFINITIONS = (
					"DEBUG=1",
					"$(inherited)",
				);
				GCC_WARN_64_TO_32_BIT_CONVERSION = YES;
				GCC_WARN_ABOUT_RETURN_TYPE = YES_ERROR;
				GCC_WARN_UNDECLARED_SELECTOR = YES;
				GCC_WARN_UNINITIALIZED_AUTOS = YES_AGGRESSIVE;
				GCC_WARN_UNUSED_FUNCTION = YES;
				GCC_WARN_UNUSED_VARIABLE = YES;
				IPHONEOS_DEPLOYMENT_TARGET = 15.0;
				MTL_ENABLE_DEBUG_INFO = INCLUDE_SOURCE;
				MTL_FAST_MATH = YES;
				ONLY_ACTIVE_ARCH = YES;
				SDKROOT = iphoneos;
				SWIFT_ACTIVE_COMPILATION_CONDITIONS = DEBUG;
				SWIFT_OPTIMIZATION_LEVEL = "-Onone";
			};
			name = Debug;
		};
		AD3425CB2727FBCF00DCD524 /* Release */ = {
			isa = XCBuildConfiguration;
			buildSettings = {
				ALWAYS_SEARCH_USER_PATHS = NO;
				CLANG_ANALYZER_NONNULL = YES;
				CLANG_ANALYZER_NUMBER_OBJECT_CONVERSION = YES_AGGRESSIVE;
				CLANG_CXX_LANGUAGE_STANDARD = "gnu++17";
				CLANG_CXX_LIBRARY = "libc++";
				CLANG_ENABLE_MODULES = YES;
				CLANG_ENABLE_OBJC_ARC = YES;
				CLANG_ENABLE_OBJC_WEAK = YES;
				CLANG_WARN_BLOCK_CAPTURE_AUTORELEASING = YES;
				CLANG_WARN_BOOL_CONVERSION = YES;
				CLANG_WARN_COMMA = YES;
				CLANG_WARN_CONSTANT_CONVERSION = YES;
				CLANG_WARN_DEPRECATED_OBJC_IMPLEMENTATIONS = YES;
				CLANG_WARN_DIRECT_OBJC_ISA_USAGE = YES_ERROR;
				CLANG_WARN_DOCUMENTATION_COMMENTS = YES;
				CLANG_WARN_EMPTY_BODY = YES;
				CLANG_WARN_ENUM_CONVERSION = YES;
				CLANG_WARN_INFINITE_RECURSION = YES;
				CLANG_WARN_INT_CONVERSION = YES;
				CLANG_WARN_NON_LITERAL_NULL_CONVERSION = YES;
				CLANG_WARN_OBJC_IMPLICIT_RETAIN_SELF = YES;
				CLANG_WARN_OBJC_LITERAL_CONVERSION = YES;
				CLANG_WARN_OBJC_ROOT_CLASS = YES_ERROR;
				CLANG_WARN_QUOTED_INCLUDE_IN_FRAMEWORK_HEADER = YES;
				CLANG_WARN_RANGE_LOOP_ANALYSIS = YES;
				CLANG_WARN_STRICT_PROTOTYPES = YES;
				CLANG_WARN_SUSPICIOUS_MOVE = YES;
				CLANG_WARN_UNGUARDED_AVAILABILITY = YES_AGGRESSIVE;
				CLANG_WARN_UNREACHABLE_CODE = YES;
				CLANG_WARN__DUPLICATE_METHOD_MATCH = YES;
				COPY_PHASE_STRIP = NO;
				DEBUG_INFORMATION_FORMAT = "dwarf-with-dsym";
				ENABLE_NS_ASSERTIONS = NO;
				ENABLE_STRICT_OBJC_MSGSEND = YES;
				GCC_C_LANGUAGE_STANDARD = gnu11;
				GCC_NO_COMMON_BLOCKS = YES;
				GCC_WARN_64_TO_32_BIT_CONVERSION = YES;
				GCC_WARN_ABOUT_RETURN_TYPE = YES_ERROR;
				GCC_WARN_UNDECLARED_SELECTOR = YES;
				GCC_WARN_UNINITIALIZED_AUTOS = YES_AGGRESSIVE;
				GCC_WARN_UNUSED_FUNCTION = YES;
				GCC_WARN_UNUSED_VARIABLE = YES;
				IPHONEOS_DEPLOYMENT_TARGET = 15.0;
				MTL_ENABLE_DEBUG_INFO = NO;
				MTL_FAST_MATH = YES;
				SDKROOT = iphoneos;
				SWIFT_COMPILATION_MODE = wholemodule;
				SWIFT_OPTIMIZATION_LEVEL = "-O";
				VALIDATE_PRODUCT = YES;
			};
			name = Release;
		};
		AD3425CD2727FBCF00DCD524 /* Debug */ = {
			isa = XCBuildConfiguration;
			buildSettings = {
				ASSETCATALOG_COMPILER_APPICON_NAME = AppIcon;
				ASSETCATALOG_COMPILER_GLOBAL_ACCENT_COLOR_NAME = AccentColor;
				CODE_SIGN_STYLE = Automatic;
				CURRENT_PROJECT_VERSION = 1;
				DEVELOPMENT_TEAM = RGKK797JHY;
				GENERATE_INFOPLIST_FILE = YES;
				INFOPLIST_FILE = aboutMeApp/Configs/Info.plist;
				INFOPLIST_KEY_UIApplicationSupportsIndirectInputEvents = YES;
				INFOPLIST_KEY_UILaunchStoryboardName = LaunchScreen;
				INFOPLIST_KEY_UIMainStoryboardFile = Main;
				INFOPLIST_KEY_UISupportedInterfaceOrientations = UIInterfaceOrientationPortrait;
				INFOPLIST_KEY_UISupportedInterfaceOrientations_iPad = "UIInterfaceOrientationPortrait UIInterfaceOrientationPortraitUpsideDown UIInterfaceOrientationLandscapeLeft UIInterfaceOrientationLandscapeRight";
				INFOPLIST_KEY_UISupportedInterfaceOrientations_iPhone = "UIInterfaceOrientationPortrait UIInterfaceOrientationLandscapeLeft UIInterfaceOrientationLandscapeRight";
				LD_RUNPATH_SEARCH_PATHS = (
					"$(inherited)",
					"@executable_path/Frameworks",
				);
				MARKETING_VERSION = 1.0;
				PRODUCT_BUNDLE_IDENTIFIER = raul.loginApp;
				PRODUCT_NAME = "$(TARGET_NAME)";
				SWIFT_EMIT_LOC_STRINGS = YES;
				SWIFT_VERSION = 5.0;
				TARGETED_DEVICE_FAMILY = 1;
			};
			name = Debug;
		};
		AD3425CE2727FBCF00DCD524 /* Release */ = {
			isa = XCBuildConfiguration;
			buildSettings = {
				ASSETCATALOG_COMPILER_APPICON_NAME = AppIcon;
				ASSETCATALOG_COMPILER_GLOBAL_ACCENT_COLOR_NAME = AccentColor;
				CODE_SIGN_STYLE = Automatic;
				CURRENT_PROJECT_VERSION = 1;
				DEVELOPMENT_TEAM = RGKK797JHY;
				GENERATE_INFOPLIST_FILE = YES;
				INFOPLIST_FILE = aboutMeApp/Configs/Info.plist;
				INFOPLIST_KEY_UIApplicationSupportsIndirectInputEvents = YES;
				INFOPLIST_KEY_UILaunchStoryboardName = LaunchScreen;
				INFOPLIST_KEY_UIMainStoryboardFile = Main;
				INFOPLIST_KEY_UISupportedInterfaceOrientations = UIInterfaceOrientationPortrait;
				INFOPLIST_KEY_UISupportedInterfaceOrientations_iPad = "UIInterfaceOrientationPortrait UIInterfaceOrientationPortraitUpsideDown UIInterfaceOrientationLandscapeLeft UIInterfaceOrientationLandscapeRight";
				INFOPLIST_KEY_UISupportedInterfaceOrientations_iPhone = "UIInterfaceOrientationPortrait UIInterfaceOrientationLandscapeLeft UIInterfaceOrientationLandscapeRight";
				LD_RUNPATH_SEARCH_PATHS = (
					"$(inherited)",
					"@executable_path/Frameworks",
				);
				MARKETING_VERSION = 1.0;
				PRODUCT_BUNDLE_IDENTIFIER = raul.loginApp;
				PRODUCT_NAME = "$(TARGET_NAME)";
				SWIFT_EMIT_LOC_STRINGS = YES;
				SWIFT_VERSION = 5.0;
				TARGETED_DEVICE_FAMILY = 1;
			};
			name = Release;
		};
/* End XCBuildConfiguration section */

/* Begin XCConfigurationList section */
		AD3425B32727FBCD00DCD524 /* Build configuration list for PBXProject "aboutMeApp" */ = {
			isa = XCConfigurationList;
			buildConfigurations = (
				AD3425CA2727FBCF00DCD524 /* Debug */,
				AD3425CB2727FBCF00DCD524 /* Release */,
			);
			defaultConfigurationIsVisible = 0;
			defaultConfigurationName = Release;
		};
		AD3425CC2727FBCF00DCD524 /* Build configuration list for PBXNativeTarget "aboutMeApp" */ = {
			isa = XCConfigurationList;
			buildConfigurations = (
				AD3425CD2727FBCF00DCD524 /* Debug */,
				AD3425CE2727FBCF00DCD524 /* Release */,
			);
			defaultConfigurationIsVisible = 0;
			defaultConfigurationName = Release;
		};
/* End XCConfigurationList section */
	};
	rootObject = AD3425B02727FBCD00DCD524 /* Project object */;
}
